// !$*UTF8*$!
{
	archiveVersion = 1;
	classes = {
	};
	objectVersion = 46;
	objects = {

/* Begin PBXBuildFile section */
		0305BA8A1D656F9F00296EEB /* LargeFileHasher.m in Sources */ = {isa = PBXBuildFile; fileRef = 0305BA891D656F9F00296EEB /* LargeFileHasher.m */; };
		0305BA8D1D657E5800296EEB /* LogViewController.swift in Sources */ = {isa = PBXBuildFile; fileRef = 0305BA8C1D657E5800296EEB /* LogViewController.swift */; };
		0350FE0C1D5D0C1E0044814E /* AppDelegate.swift in Sources */ = {isa = PBXBuildFile; fileRef = 0350FE0B1D5D0C1E0044814E /* AppDelegate.swift */; };
		0350FE0E1D5D0C1E0044814E /* ViewController.swift in Sources */ = {isa = PBXBuildFile; fileRef = 0350FE0D1D5D0C1E0044814E /* ViewController.swift */; };
		0350FE101D5D0C1E0044814E /* Assets.xcassets in Resources */ = {isa = PBXBuildFile; fileRef = 0350FE0F1D5D0C1E0044814E /* Assets.xcassets */; };
		0350FE131D5D0C1E0044814E /* Main.storyboard in Resources */ = {isa = PBXBuildFile; fileRef = 0350FE111D5D0C1E0044814E /* Main.storyboard */; };
		0350FE1E1D5D0C1E0044814E /* OriginStamp_MacTests.swift in Sources */ = {isa = PBXBuildFile; fileRef = 0350FE1D1D5D0C1E0044814E /* OriginStamp_MacTests.swift */; };
		0350FE291D5D0C1F0044814E /* OriginStamp_MacUITests.swift in Sources */ = {isa = PBXBuildFile; fileRef = 0350FE281D5D0C1F0044814E /* OriginStamp_MacUITests.swift */; };
		0350FE381D5D0CED0044814E /* SHA256.swift in Sources */ = {isa = PBXBuildFile; fileRef = 0350FE371D5D0CED0044814E /* SHA256.swift */; };
		0350FE3F1D5D14950044814E /* DragAndDropView.swift in Sources */ = {isa = PBXBuildFile; fileRef = 0350FE3E1D5D14950044814E /* DragAndDropView.swift */; };
		0350FE421D5D25220044814E /* NSData.swift in Sources */ = {isa = PBXBuildFile; fileRef = 0350FE411D5D25220044814E /* NSData.swift */; };
		0350FE441D5D26F80044814E /* FileSystem.swift in Sources */ = {isa = PBXBuildFile; fileRef = 0350FE431D5D26F80044814E /* FileSystem.swift */; };
		0350FE471D5D287A0044814E /* DataLenght.swift in Sources */ = {isa = PBXBuildFile; fileRef = 0350FE461D5D287A0044814E /* DataLenght.swift */; };
		0350FE491D5D2B120044814E /* DateUtils.swift in Sources */ = {isa = PBXBuildFile; fileRef = 0350FE481D5D2B120044814E /* DateUtils.swift */; };
		03D9E21B1D64D71E00F0B8D8 /* APIViewController.swift in Sources */ = {isa = PBXBuildFile; fileRef = 03D9E21A1D64D71E00F0B8D8 /* APIViewController.swift */; };
		03D9E21D1D65631400F0B8D8 /* Constants.swift in Sources */ = {isa = PBXBuildFile; fileRef = 03D9E21C1D65631400F0B8D8 /* Constants.swift */; };
		258A4595D0092EC75B2A576B /* Pods_OriginStamp_MacTests.framework in Frameworks */ = {isa = PBXBuildFile; fileRef = 590D241CC35EC4A7CFBE9C1B /* Pods_OriginStamp_MacTests.framework */; };
		5CE43DABCB2AFA45996DDFF9 /* Pods_OriginStamp_Mac.framework in Frameworks */ = {isa = PBXBuildFile; fileRef = 2E4CD44B67C4CE0AE99336E8 /* Pods_OriginStamp_Mac.framework */; };
		A47DAB9F624A2DBDE655E3A9 /* Pods_OriginStamp_MacUITests.framework in Frameworks */ = {isa = PBXBuildFile; fileRef = 6E68EC9D797749CF929C7A86 /* Pods_OriginStamp_MacUITests.framework */; };
/* End PBXBuildFile section */

/* Begin PBXContainerItemProxy section */
		0350FE1A1D5D0C1E0044814E /* PBXContainerItemProxy */ = {
			isa = PBXContainerItemProxy;
			containerPortal = 0350FE001D5D0C1E0044814E /* Project object */;
			proxyType = 1;
			remoteGlobalIDString = 0350FE071D5D0C1E0044814E;
			remoteInfo = "OriginStamp-Mac";
		};
		0350FE251D5D0C1F0044814E /* PBXContainerItemProxy */ = {
			isa = PBXContainerItemProxy;
			containerPortal = 0350FE001D5D0C1E0044814E /* Project object */;
			proxyType = 1;
			remoteGlobalIDString = 0350FE071D5D0C1E0044814E;
			remoteInfo = "OriginStamp-Mac";
		};
/* End PBXContainerItemProxy section */

/* Begin PBXFileReference section */
		0305BA891D656F9F00296EEB /* LargeFileHasher.m */ = {isa = PBXFileReference; fileEncoding = 4; lastKnownFileType = sourcecode.c.objc; path = LargeFileHasher.m; sourceTree = "<group>"; };
		0305BA8B1D656FAD00296EEB /* LargeFileHasher.h */ = {isa = PBXFileReference; lastKnownFileType = sourcecode.c.h; path = LargeFileHasher.h; sourceTree = "<group>"; };
		0305BA8C1D657E5800296EEB /* LogViewController.swift */ = {isa = PBXFileReference; fileEncoding = 4; lastKnownFileType = sourcecode.swift; path = LogViewController.swift; sourceTree = "<group>"; };
		0350FE081D5D0C1E0044814E /* OriginStamp-Mac.app */ = {isa = PBXFileReference; explicitFileType = wrapper.application; includeInIndex = 0; path = "OriginStamp-Mac.app"; sourceTree = BUILT_PRODUCTS_DIR; };
		0350FE0B1D5D0C1E0044814E /* AppDelegate.swift */ = {isa = PBXFileReference; lastKnownFileType = sourcecode.swift; path = AppDelegate.swift; sourceTree = "<group>"; };
		0350FE0D1D5D0C1E0044814E /* ViewController.swift */ = {isa = PBXFileReference; lastKnownFileType = sourcecode.swift; path = ViewController.swift; sourceTree = "<group>"; };
		0350FE0F1D5D0C1E0044814E /* Assets.xcassets */ = {isa = PBXFileReference; lastKnownFileType = folder.assetcatalog; path = Assets.xcassets; sourceTree = "<group>"; };
		0350FE121D5D0C1E0044814E /* Base */ = {isa = PBXFileReference; lastKnownFileType = file.storyboard; name = Base; path = Base.lproj/Main.storyboard; sourceTree = "<group>"; };
		0350FE141D5D0C1E0044814E /* Info.plist */ = {isa = PBXFileReference; lastKnownFileType = text.plist.xml; path = Info.plist; sourceTree = "<group>"; };
		0350FE191D5D0C1E0044814E /* OriginStamp-MacTests.xctest */ = {isa = PBXFileReference; explicitFileType = wrapper.cfbundle; includeInIndex = 0; path = "OriginStamp-MacTests.xctest"; sourceTree = BUILT_PRODUCTS_DIR; };
		0350FE1D1D5D0C1E0044814E /* OriginStamp_MacTests.swift */ = {isa = PBXFileReference; lastKnownFileType = sourcecode.swift; path = OriginStamp_MacTests.swift; sourceTree = "<group>"; };
		0350FE1F1D5D0C1E0044814E /* Info.plist */ = {isa = PBXFileReference; lastKnownFileType = text.plist.xml; path = Info.plist; sourceTree = "<group>"; };
		0350FE241D5D0C1F0044814E /* OriginStamp-MacUITests.xctest */ = {isa = PBXFileReference; explicitFileType = wrapper.cfbundle; includeInIndex = 0; path = "OriginStamp-MacUITests.xctest"; sourceTree = BUILT_PRODUCTS_DIR; };
		0350FE281D5D0C1F0044814E /* OriginStamp_MacUITests.swift */ = {isa = PBXFileReference; lastKnownFileType = sourcecode.swift; path = OriginStamp_MacUITests.swift; sourceTree = "<group>"; };
		0350FE2A1D5D0C1F0044814E /* Info.plist */ = {isa = PBXFileReference; lastKnownFileType = text.plist.xml; path = Info.plist; sourceTree = "<group>"; };
		0350FE371D5D0CED0044814E /* SHA256.swift */ = {isa = PBXFileReference; fileEncoding = 4; lastKnownFileType = sourcecode.swift; path = SHA256.swift; sourceTree = "<group>"; };
		0350FE3A1D5D0D780044814E /* OriginStamp-Mac-Bridging-Header.h */ = {isa = PBXFileReference; lastKnownFileType = sourcecode.c.h; path = "OriginStamp-Mac-Bridging-Header.h"; sourceTree = "<group>"; };
		0350FE3E1D5D14950044814E /* DragAndDropView.swift */ = {isa = PBXFileReference; fileEncoding = 4; lastKnownFileType = sourcecode.swift; path = DragAndDropView.swift; sourceTree = "<group>"; };
		0350FE411D5D25220044814E /* NSData.swift */ = {isa = PBXFileReference; fileEncoding = 4; lastKnownFileType = sourcecode.swift; path = NSData.swift; sourceTree = "<group>"; };
		0350FE431D5D26F80044814E /* FileSystem.swift */ = {isa = PBXFileReference; fileEncoding = 4; lastKnownFileType = sourcecode.swift; path = FileSystem.swift; sourceTree = "<group>"; };
		0350FE461D5D287A0044814E /* DataLenght.swift */ = {isa = PBXFileReference; fileEncoding = 4; lastKnownFileType = sourcecode.swift; path = DataLenght.swift; sourceTree = "<group>"; };
		0350FE481D5D2B120044814E /* DateUtils.swift */ = {isa = PBXFileReference; fileEncoding = 4; lastKnownFileType = sourcecode.swift; path = DateUtils.swift; sourceTree = "<group>"; };
		03D9E21A1D64D71E00F0B8D8 /* APIViewController.swift */ = {isa = PBXFileReference; fileEncoding = 4; lastKnownFileType = sourcecode.swift; path = APIViewController.swift; sourceTree = "<group>"; };
		03D9E21C1D65631400F0B8D8 /* Constants.swift */ = {isa = PBXFileReference; fileEncoding = 4; lastKnownFileType = sourcecode.swift; path = Constants.swift; sourceTree = "<group>"; };
		03ECFB831D6582E10076CB04 /* OriginStamp-Mac.entitlements */ = {isa = PBXFileReference; lastKnownFileType = text.xml; path = "OriginStamp-Mac.entitlements"; sourceTree = "<group>"; };
		251C07184ADCD3CC0CF568AC /* Pods-OriginStamp-Mac.debug.xcconfig */ = {isa = PBXFileReference; includeInIndex = 1; lastKnownFileType = text.xcconfig; name = "Pods-OriginStamp-Mac.debug.xcconfig"; path = "Pods/Target Support Files/Pods-OriginStamp-Mac/Pods-OriginStamp-Mac.debug.xcconfig"; sourceTree = "<group>"; };
		2E4CD44B67C4CE0AE99336E8 /* Pods_OriginStamp_Mac.framework */ = {isa = PBXFileReference; explicitFileType = wrapper.framework; includeInIndex = 0; path = Pods_OriginStamp_Mac.framework; sourceTree = BUILT_PRODUCTS_DIR; };
		3FD464DA91BB5112160C763A /* Pods-OriginStamp-MacUITests.release.xcconfig */ = {isa = PBXFileReference; includeInIndex = 1; lastKnownFileType = text.xcconfig; name = "Pods-OriginStamp-MacUITests.release.xcconfig"; path = "Pods/Target Support Files/Pods-OriginStamp-MacUITests/Pods-OriginStamp-MacUITests.release.xcconfig"; sourceTree = "<group>"; };
		46258B56B0A3B68F280A1204 /* Pods-OriginStamp-MacTests.debug.xcconfig */ = {isa = PBXFileReference; includeInIndex = 1; lastKnownFileType = text.xcconfig; name = "Pods-OriginStamp-MacTests.debug.xcconfig"; path = "Pods/Target Support Files/Pods-OriginStamp-MacTests/Pods-OriginStamp-MacTests.debug.xcconfig"; sourceTree = "<group>"; };
		590D241CC35EC4A7CFBE9C1B /* Pods_OriginStamp_MacTests.framework */ = {isa = PBXFileReference; explicitFileType = wrapper.framework; includeInIndex = 0; path = Pods_OriginStamp_MacTests.framework; sourceTree = BUILT_PRODUCTS_DIR; };
		6E68EC9D797749CF929C7A86 /* Pods_OriginStamp_MacUITests.framework */ = {isa = PBXFileReference; explicitFileType = wrapper.framework; includeInIndex = 0; path = Pods_OriginStamp_MacUITests.framework; sourceTree = BUILT_PRODUCTS_DIR; };
		A05DBC0F9B47237062FADD99 /* Pods-OriginStamp-MacTests.release.xcconfig */ = {isa = PBXFileReference; includeInIndex = 1; lastKnownFileType = text.xcconfig; name = "Pods-OriginStamp-MacTests.release.xcconfig"; path = "Pods/Target Support Files/Pods-OriginStamp-MacTests/Pods-OriginStamp-MacTests.release.xcconfig"; sourceTree = "<group>"; };
		B5899223454F9A2287E39A9F /* Pods-OriginStamp-Mac.release.xcconfig */ = {isa = PBXFileReference; includeInIndex = 1; lastKnownFileType = text.xcconfig; name = "Pods-OriginStamp-Mac.release.xcconfig"; path = "Pods/Target Support Files/Pods-OriginStamp-Mac/Pods-OriginStamp-Mac.release.xcconfig"; sourceTree = "<group>"; };
		D58DB5831DA62CBF700EC1B4 /* Pods-OriginStamp-MacUITests.debug.xcconfig */ = {isa = PBXFileReference; includeInIndex = 1; lastKnownFileType = text.xcconfig; name = "Pods-OriginStamp-MacUITests.debug.xcconfig"; path = "Pods/Target Support Files/Pods-OriginStamp-MacUITests/Pods-OriginStamp-MacUITests.debug.xcconfig"; sourceTree = "<group>"; };
/* End PBXFileReference section */

/* Begin PBXFrameworksBuildPhase section */
		0350FE051D5D0C1E0044814E /* Frameworks */ = {
			isa = PBXFrameworksBuildPhase;
			buildActionMask = 2147483647;
			files = (
				5CE43DABCB2AFA45996DDFF9 /* Pods_OriginStamp_Mac.framework in Frameworks */,
			);
			runOnlyForDeploymentPostprocessing = 0;
		};
		0350FE161D5D0C1E0044814E /* Frameworks */ = {
			isa = PBXFrameworksBuildPhase;
			buildActionMask = 2147483647;
			files = (
				258A4595D0092EC75B2A576B /* Pods_OriginStamp_MacTests.framework in Frameworks */,
			);
			runOnlyForDeploymentPostprocessing = 0;
		};
		0350FE211D5D0C1F0044814E /* Frameworks */ = {
			isa = PBXFrameworksBuildPhase;
			buildActionMask = 2147483647;
			files = (
				A47DAB9F624A2DBDE655E3A9 /* Pods_OriginStamp_MacUITests.framework in Frameworks */,
			);
			runOnlyForDeploymentPostprocessing = 0;
		};
/* End PBXFrameworksBuildPhase section */

/* Begin PBXGroup section */
		0350FDFF1D5D0C1E0044814E = {
			isa = PBXGroup;
			children = (
				0350FE0A1D5D0C1E0044814E /* OriginStamp-Mac */,
				0350FE1C1D5D0C1E0044814E /* OriginStamp-MacTests */,
				0350FE271D5D0C1F0044814E /* OriginStamp-MacUITests */,
				0350FE091D5D0C1E0044814E /* Products */,
				6E1A3B795DFAC6EB7A00ECBF /* Pods */,
				2E7ACA2C7FFA3E322E39F9BF /* Frameworks */,
			);
			sourceTree = "<group>";
		};
		0350FE091D5D0C1E0044814E /* Products */ = {
			isa = PBXGroup;
			children = (
				0350FE081D5D0C1E0044814E /* OriginStamp-Mac.app */,
				0350FE191D5D0C1E0044814E /* OriginStamp-MacTests.xctest */,
				0350FE241D5D0C1F0044814E /* OriginStamp-MacUITests.xctest */,
			);
			name = Products;
			sourceTree = "<group>";
		};
		0350FE0A1D5D0C1E0044814E /* OriginStamp-Mac */ = {
			isa = PBXGroup;
			children = (
				03ECFB831D6582E10076CB04 /* OriginStamp-Mac.entitlements */,
				03D9E2191D64D70100F0B8D8 /* ViewControllers */,
				0350FE451D5D286E0044814E /* Helpers */,
				0350FE401D5D25180044814E /* Extensions */,
				0350FE3D1D5D14870044814E /* Controls */,
				0350FE361D5D0CDA0044814E /* Hasher */,
				0350FE0B1D5D0C1E0044814E /* AppDelegate.swift */,
				0350FE0D1D5D0C1E0044814E /* ViewController.swift */,
				0350FE0F1D5D0C1E0044814E /* Assets.xcassets */,
				0350FE111D5D0C1E0044814E /* Main.storyboard */,
				0350FE141D5D0C1E0044814E /* Info.plist */,
				0350FE3A1D5D0D780044814E /* OriginStamp-Mac-Bridging-Header.h */,
			);
			path = "OriginStamp-Mac";
			sourceTree = "<group>";
		};
		0350FE1C1D5D0C1E0044814E /* OriginStamp-MacTests */ = {
			isa = PBXGroup;
			children = (
				0350FE1D1D5D0C1E0044814E /* OriginStamp_MacTests.swift */,
				0350FE1F1D5D0C1E0044814E /* Info.plist */,
			);
			path = "OriginStamp-MacTests";
			sourceTree = "<group>";
		};
		0350FE271D5D0C1F0044814E /* OriginStamp-MacUITests */ = {
			isa = PBXGroup;
			children = (
				0350FE281D5D0C1F0044814E /* OriginStamp_MacUITests.swift */,
				0350FE2A1D5D0C1F0044814E /* Info.plist */,
			);
			path = "OriginStamp-MacUITests";
			sourceTree = "<group>";
		};
		0350FE361D5D0CDA0044814E /* Hasher */ = {
			isa = PBXGroup;
			children = (
				0350FE371D5D0CED0044814E /* SHA256.swift */,
				0305BA891D656F9F00296EEB /* LargeFileHasher.m */,
				0305BA8B1D656FAD00296EEB /* LargeFileHasher.h */,
			);
			name = Hasher;
			sourceTree = "<group>";
		};
		0350FE3D1D5D14870044814E /* Controls */ = {
			isa = PBXGroup;
			children = (
				0350FE3E1D5D14950044814E /* DragAndDropView.swift */,
			);
			name = Controls;
			sourceTree = "<group>";
		};
		0350FE401D5D25180044814E /* Extensions */ = {
			isa = PBXGroup;
			children = (
				0350FE411D5D25220044814E /* NSData.swift */,
			);
			name = Extensions;
			sourceTree = "<group>";
		};
		0350FE451D5D286E0044814E /* Helpers */ = {
			isa = PBXGroup;
			children = (
				0350FE431D5D26F80044814E /* FileSystem.swift */,
				0350FE461D5D287A0044814E /* DataLenght.swift */,
				0350FE481D5D2B120044814E /* DateUtils.swift */,
				03D9E21C1D65631400F0B8D8 /* Constants.swift */,
			);
			name = Helpers;
			sourceTree = "<group>";
		};
		03D9E2191D64D70100F0B8D8 /* ViewControllers */ = {
			isa = PBXGroup;
			children = (
				03D9E21A1D64D71E00F0B8D8 /* APIViewController.swift */,
				0305BA8C1D657E5800296EEB /* LogViewController.swift */,
			);
			name = ViewControllers;
			sourceTree = "<group>";
		};
		2E7ACA2C7FFA3E322E39F9BF /* Frameworks */ = {
			isa = PBXGroup;
			children = (
				2E4CD44B67C4CE0AE99336E8 /* Pods_OriginStamp_Mac.framework */,
				590D241CC35EC4A7CFBE9C1B /* Pods_OriginStamp_MacTests.framework */,
				6E68EC9D797749CF929C7A86 /* Pods_OriginStamp_MacUITests.framework */,
			);
			name = Frameworks;
			sourceTree = "<group>";
		};
		6E1A3B795DFAC6EB7A00ECBF /* Pods */ = {
			isa = PBXGroup;
			children = (
				251C07184ADCD3CC0CF568AC /* Pods-OriginStamp-Mac.debug.xcconfig */,
				B5899223454F9A2287E39A9F /* Pods-OriginStamp-Mac.release.xcconfig */,
				46258B56B0A3B68F280A1204 /* Pods-OriginStamp-MacTests.debug.xcconfig */,
				A05DBC0F9B47237062FADD99 /* Pods-OriginStamp-MacTests.release.xcconfig */,
				D58DB5831DA62CBF700EC1B4 /* Pods-OriginStamp-MacUITests.debug.xcconfig */,
				3FD464DA91BB5112160C763A /* Pods-OriginStamp-MacUITests.release.xcconfig */,
			);
			name = Pods;
			sourceTree = "<group>";
		};
/* End PBXGroup section */

/* Begin PBXNativeTarget section */
		0350FE071D5D0C1E0044814E /* OriginStamp-Mac */ = {
			isa = PBXNativeTarget;
			buildConfigurationList = 0350FE2D1D5D0C1F0044814E /* Build configuration list for PBXNativeTarget "OriginStamp-Mac" */;
			buildPhases = (
				E27730A1C7F6F60DA837BE2C /* [CP] Check Pods Manifest.lock */,
				0350FE041D5D0C1E0044814E /* Sources */,
				0350FE051D5D0C1E0044814E /* Frameworks */,
				0350FE061D5D0C1E0044814E /* Resources */,
				256DD18C7094B3F507A98DC5 /* [CP] Embed Pods Frameworks */,
				B1CF9780271E175FFD6AC269 /* [CP] Copy Pods Resources */,
			);
			buildRules = (
			);
			dependencies = (
			);
			name = "OriginStamp-Mac";
			productName = "OriginStamp-Mac";
			productReference = 0350FE081D5D0C1E0044814E /* OriginStamp-Mac.app */;
			productType = "com.apple.product-type.application";
		};
		0350FE181D5D0C1E0044814E /* OriginStamp-MacTests */ = {
			isa = PBXNativeTarget;
			buildConfigurationList = 0350FE301D5D0C1F0044814E /* Build configuration list for PBXNativeTarget "OriginStamp-MacTests" */;
			buildPhases = (
				405EC40B72EFAE3E5E1664D0 /* [CP] Check Pods Manifest.lock */,
				0350FE151D5D0C1E0044814E /* Sources */,
				0350FE161D5D0C1E0044814E /* Frameworks */,
				0350FE171D5D0C1E0044814E /* Resources */,
				DDEF92E97820A8698D8CC56A /* [CP] Embed Pods Frameworks */,
				60360412393BBDFB13461F18 /* [CP] Copy Pods Resources */,
			);
			buildRules = (
			);
			dependencies = (
				0350FE1B1D5D0C1E0044814E /* PBXTargetDependency */,
			);
			name = "OriginStamp-MacTests";
			productName = "OriginStamp-MacTests";
			productReference = 0350FE191D5D0C1E0044814E /* OriginStamp-MacTests.xctest */;
			productType = "com.apple.product-type.bundle.unit-test";
		};
		0350FE231D5D0C1F0044814E /* OriginStamp-MacUITests */ = {
			isa = PBXNativeTarget;
			buildConfigurationList = 0350FE331D5D0C1F0044814E /* Build configuration list for PBXNativeTarget "OriginStamp-MacUITests" */;
			buildPhases = (
				BDA47E056032A88BD397996F /* [CP] Check Pods Manifest.lock */,
				0350FE201D5D0C1F0044814E /* Sources */,
				0350FE211D5D0C1F0044814E /* Frameworks */,
				0350FE221D5D0C1F0044814E /* Resources */,
				085F17E4AC57D6388F5919BA /* [CP] Copy Pods Resources */,
			);
			buildRules = (
			);
			dependencies = (
				0350FE261D5D0C1F0044814E /* PBXTargetDependency */,
			);
			name = "OriginStamp-MacUITests";
			productName = "OriginStamp-MacUITests";
			productReference = 0350FE241D5D0C1F0044814E /* OriginStamp-MacUITests.xctest */;
			productType = "com.apple.product-type.bundle.ui-testing";
		};
/* End PBXNativeTarget section */

/* Begin PBXProject section */
		0350FE001D5D0C1E0044814E /* Project object */ = {
			isa = PBXProject;
			attributes = {
				LastSwiftUpdateCheck = 0730;
				LastUpgradeCheck = 0730;
				ORGANIZATIONNAME = "Rogerio Hirooka";
				TargetAttributes = {
					0350FE071D5D0C1E0044814E = {
						CreatedOnToolsVersion = 7.3.1;
						DevelopmentTeam = 693YX79L7U;
						SystemCapabilities = {
							com.apple.Sandbox = {
								enabled = 1;
							};
						};
					};
					0350FE181D5D0C1E0044814E = {
						CreatedOnToolsVersion = 7.3.1;
						TestTargetID = 0350FE071D5D0C1E0044814E;
					};
					0350FE231D5D0C1F0044814E = {
						CreatedOnToolsVersion = 7.3.1;
						TestTargetID = 0350FE071D5D0C1E0044814E;
					};
				};
			};
			buildConfigurationList = 0350FE031D5D0C1E0044814E /* Build configuration list for PBXProject "OriginStamp-Mac" */;
			compatibilityVersion = "Xcode 3.2";
			developmentRegion = English;
			hasScannedForEncodings = 0;
			knownRegions = (
				en,
				Base,
			);
			mainGroup = 0350FDFF1D5D0C1E0044814E;
			productRefGroup = 0350FE091D5D0C1E0044814E /* Products */;
			projectDirPath = "";
			projectRoot = "";
			targets = (
				0350FE071D5D0C1E0044814E /* OriginStamp-Mac */,
				0350FE181D5D0C1E0044814E /* OriginStamp-MacTests */,
				0350FE231D5D0C1F0044814E /* OriginStamp-MacUITests */,
			);
		};
/* End PBXProject section */

/* Begin PBXResourcesBuildPhase section */
		0350FE061D5D0C1E0044814E /* Resources */ = {
			isa = PBXResourcesBuildPhase;
			buildActionMask = 2147483647;
			files = (
				0350FE101D5D0C1E0044814E /* Assets.xcassets in Resources */,
				0350FE131D5D0C1E0044814E /* Main.storyboard in Resources */,
			);
			runOnlyForDeploymentPostprocessing = 0;
		};
		0350FE171D5D0C1E0044814E /* Resources */ = {
			isa = PBXResourcesBuildPhase;
			buildActionMask = 2147483647;
			files = (
			);
			runOnlyForDeploymentPostprocessing = 0;
		};
		0350FE221D5D0C1F0044814E /* Resources */ = {
			isa = PBXResourcesBuildPhase;
			buildActionMask = 2147483647;
			files = (
			);
			runOnlyForDeploymentPostprocessing = 0;
		};
/* End PBXResourcesBuildPhase section */

/* Begin PBXShellScriptBuildPhase section */
		085F17E4AC57D6388F5919BA /* [CP] Copy Pods Resources */ = {
			isa = PBXShellScriptBuildPhase;
			buildActionMask = 2147483647;
			files = (
			);
			inputPaths = (
			);
			name = "[CP] Copy Pods Resources";
			outputPaths = (
			);
			runOnlyForDeploymentPostprocessing = 0;
			shellPath = /bin/sh;
			shellScript = "\"${SRCROOT}/Pods/Target Support Files/Pods-OriginStamp-MacUITests/Pods-OriginStamp-MacUITests-resources.sh\"\n";
			showEnvVarsInLog = 0;
		};
		256DD18C7094B3F507A98DC5 /* [CP] Embed Pods Frameworks */ = {
			isa = PBXShellScriptBuildPhase;
			buildActionMask = 2147483647;
			files = (
			);
			inputPaths = (
			);
			name = "[CP] Embed Pods Frameworks";
			outputPaths = (
			);
			runOnlyForDeploymentPostprocessing = 0;
			shellPath = /bin/sh;
			shellScript = "\"${SRCROOT}/Pods/Target Support Files/Pods-OriginStamp-Mac/Pods-OriginStamp-Mac-frameworks.sh\"\n";
			showEnvVarsInLog = 0;
		};
		405EC40B72EFAE3E5E1664D0 /* [CP] Check Pods Manifest.lock */ = {
			isa = PBXShellScriptBuildPhase;
			buildActionMask = 2147483647;
			files = (
			);
			inputPaths = (
			);
			name = "[CP] Check Pods Manifest.lock";
			outputPaths = (
			);
			runOnlyForDeploymentPostprocessing = 0;
			shellPath = /bin/sh;
			shellScript = "diff \"${PODS_ROOT}/../Podfile.lock\" \"${PODS_ROOT}/Manifest.lock\" > /dev/null\nif [[ $? != 0 ]] ; then\n    cat << EOM\nerror: The sandbox is not in sync with the Podfile.lock. Run 'pod install' or update your CocoaPods installation.\nEOM\n    exit 1\nfi\n";
			showEnvVarsInLog = 0;
		};
		60360412393BBDFB13461F18 /* [CP] Copy Pods Resources */ = {
			isa = PBXShellScriptBuildPhase;
			buildActionMask = 2147483647;
			files = (
			);
			inputPaths = (
			);
			name = "[CP] Copy Pods Resources";
			outputPaths = (
			);
			runOnlyForDeploymentPostprocessing = 0;
			shellPath = /bin/sh;
			shellScript = "\"${SRCROOT}/Pods/Target Support Files/Pods-OriginStamp-MacTests/Pods-OriginStamp-MacTests-resources.sh\"\n";
			showEnvVarsInLog = 0;
		};
		B1CF9780271E175FFD6AC269 /* [CP] Copy Pods Resources */ = {
			isa = PBXShellScriptBuildPhase;
			buildActionMask = 2147483647;
			files = (
			);
			inputPaths = (
			);
			name = "[CP] Copy Pods Resources";
			outputPaths = (
			);
			runOnlyForDeploymentPostprocessing = 0;
			shellPath = /bin/sh;
			shellScript = "\"${SRCROOT}/Pods/Target Support Files/Pods-OriginStamp-Mac/Pods-OriginStamp-Mac-resources.sh\"\n";
			showEnvVarsInLog = 0;
		};
		BDA47E056032A88BD397996F /* [CP] Check Pods Manifest.lock */ = {
			isa = PBXShellScriptBuildPhase;
			buildActionMask = 2147483647;
			files = (
			);
			inputPaths = (
			);
			name = "[CP] Check Pods Manifest.lock";
			outputPaths = (
			);
			runOnlyForDeploymentPostprocessing = 0;
			shellPath = /bin/sh;
			shellScript = "diff \"${PODS_ROOT}/../Podfile.lock\" \"${PODS_ROOT}/Manifest.lock\" > /dev/null\nif [[ $? != 0 ]] ; then\n    cat << EOM\nerror: The sandbox is not in sync with the Podfile.lock. Run 'pod install' or update your CocoaPods installation.\nEOM\n    exit 1\nfi\n";
			showEnvVarsInLog = 0;
		};
		DDEF92E97820A8698D8CC56A /* [CP] Embed Pods Frameworks */ = {
			isa = PBXShellScriptBuildPhase;
			buildActionMask = 2147483647;
			files = (
			);
			inputPaths = (
			);
			name = "[CP] Embed Pods Frameworks";
			outputPaths = (
			);
			runOnlyForDeploymentPostprocessing = 0;
			shellPath = /bin/sh;
			shellScript = "\"${SRCROOT}/Pods/Target Support Files/Pods-OriginStamp-MacTests/Pods-OriginStamp-MacTests-frameworks.sh\"\n";
			showEnvVarsInLog = 0;
		};
		E27730A1C7F6F60DA837BE2C /* [CP] Check Pods Manifest.lock */ = {
			isa = PBXShellScriptBuildPhase;
			buildActionMask = 2147483647;
			files = (
			);
			inputPaths = (
			);
			name = "[CP] Check Pods Manifest.lock";
			outputPaths = (
			);
			runOnlyForDeploymentPostprocessing = 0;
			shellPath = /bin/sh;
			shellScript = "diff \"${PODS_ROOT}/../Podfile.lock\" \"${PODS_ROOT}/Manifest.lock\" > /dev/null\nif [[ $? != 0 ]] ; then\n    cat << EOM\nerror: The sandbox is not in sync with the Podfile.lock. Run 'pod install' or update your CocoaPods installation.\nEOM\n    exit 1\nfi\n";
			showEnvVarsInLog = 0;
		};
/* End PBXShellScriptBuildPhase section */

/* Begin PBXSourcesBuildPhase section */
		0350FE041D5D0C1E0044814E /* Sources */ = {
			isa = PBXSourcesBuildPhase;
			buildActionMask = 2147483647;
			files = (
				0350FE0E1D5D0C1E0044814E /* ViewController.swift in Sources */,
				0350FE491D5D2B120044814E /* DateUtils.swift in Sources */,
				0350FE3F1D5D14950044814E /* DragAndDropView.swift in Sources */,
				0305BA8D1D657E5800296EEB /* LogViewController.swift in Sources */,
				0350FE0C1D5D0C1E0044814E /* AppDelegate.swift in Sources */,
				0305BA8A1D656F9F00296EEB /* LargeFileHasher.m in Sources */,
				0350FE381D5D0CED0044814E /* SHA256.swift in Sources */,
				03D9E21D1D65631400F0B8D8 /* Constants.swift in Sources */,
				0350FE471D5D287A0044814E /* DataLenght.swift in Sources */,
				0350FE441D5D26F80044814E /* FileSystem.swift in Sources */,
				0350FE421D5D25220044814E /* NSData.swift in Sources */,
				03D9E21B1D64D71E00F0B8D8 /* APIViewController.swift in Sources */,
			);
			runOnlyForDeploymentPostprocessing = 0;
		};
		0350FE151D5D0C1E0044814E /* Sources */ = {
			isa = PBXSourcesBuildPhase;
			buildActionMask = 2147483647;
			files = (
				0350FE1E1D5D0C1E0044814E /* OriginStamp_MacTests.swift in Sources */,
			);
			runOnlyForDeploymentPostprocessing = 0;
		};
		0350FE201D5D0C1F0044814E /* Sources */ = {
			isa = PBXSourcesBuildPhase;
			buildActionMask = 2147483647;
			files = (
				0350FE291D5D0C1F0044814E /* OriginStamp_MacUITests.swift in Sources */,
			);
			runOnlyForDeploymentPostprocessing = 0;
		};
/* End PBXSourcesBuildPhase section */

/* Begin PBXTargetDependency section */
		0350FE1B1D5D0C1E0044814E /* PBXTargetDependency */ = {
			isa = PBXTargetDependency;
			target = 0350FE071D5D0C1E0044814E /* OriginStamp-Mac */;
			targetProxy = 0350FE1A1D5D0C1E0044814E /* PBXContainerItemProxy */;
		};
		0350FE261D5D0C1F0044814E /* PBXTargetDependency */ = {
			isa = PBXTargetDependency;
			target = 0350FE071D5D0C1E0044814E /* OriginStamp-Mac */;
			targetProxy = 0350FE251D5D0C1F0044814E /* PBXContainerItemProxy */;
		};
/* End PBXTargetDependency section */

/* Begin PBXVariantGroup section */
		0350FE111D5D0C1E0044814E /* Main.storyboard */ = {
			isa = PBXVariantGroup;
			children = (
				0350FE121D5D0C1E0044814E /* Base */,
			);
			name = Main.storyboard;
			sourceTree = "<group>";
		};
/* End PBXVariantGroup section */

/* Begin XCBuildConfiguration section */
		0350FE2B1D5D0C1F0044814E /* Debug */ = {
			isa = XCBuildConfiguration;
			buildSettings = {
				ALWAYS_SEARCH_USER_PATHS = NO;
				CLANG_ANALYZER_NONNULL = YES;
				CLANG_CXX_LANGUAGE_STANDARD = "gnu++0x";
				CLANG_CXX_LIBRARY = "libc++";
				CLANG_ENABLE_MODULES = YES;
				CLANG_ENABLE_OBJC_ARC = YES;
				CLANG_WARN_BOOL_CONVERSION = YES;
				CLANG_WARN_CONSTANT_CONVERSION = YES;
				CLANG_WARN_DIRECT_OBJC_ISA_USAGE = YES_ERROR;
				CLANG_WARN_EMPTY_BODY = YES;
				CLANG_WARN_ENUM_CONVERSION = YES;
				CLANG_WARN_INT_CONVERSION = YES;
				CLANG_WARN_OBJC_ROOT_CLASS = YES_ERROR;
				CLANG_WARN_UNREACHABLE_CODE = YES;
				CLANG_WARN__DUPLICATE_METHOD_MATCH = YES;
				CODE_SIGN_IDENTITY = "-";
				COPY_PHASE_STRIP = NO;
				DEBUG_INFORMATION_FORMAT = dwarf;
				ENABLE_STRICT_OBJC_MSGSEND = YES;
				ENABLE_TESTABILITY = YES;
				GCC_C_LANGUAGE_STANDARD = gnu99;
				GCC_DYNAMIC_NO_PIC = NO;
				GCC_NO_COMMON_BLOCKS = YES;
				GCC_OPTIMIZATION_LEVEL = 0;
				GCC_PREPROCESSOR_DEFINITIONS = (
					"DEBUG=1",
					"$(inherited)",
				);
				GCC_WARN_64_TO_32_BIT_CONVERSION = YES;
				GCC_WARN_ABOUT_RETURN_TYPE = YES_ERROR;
				GCC_WARN_UNDECLARED_SELECTOR = YES;
				GCC_WARN_UNINITIALIZED_AUTOS = YES_AGGRESSIVE;
				GCC_WARN_UNUSED_FUNCTION = YES;
				GCC_WARN_UNUSED_VARIABLE = YES;
				MACOSX_DEPLOYMENT_TARGET = 10.11;
				MTL_ENABLE_DEBUG_INFO = YES;
				ONLY_ACTIVE_ARCH = YES;
				SDKROOT = macosx;
				SWIFT_OPTIMIZATION_LEVEL = "-Onone";
			};
			name = Debug;
		};
		0350FE2C1D5D0C1F0044814E /* Release */ = {
			isa = XCBuildConfiguration;
			buildSettings = {
				ALWAYS_SEARCH_USER_PATHS = NO;
				CLANG_ANALYZER_NONNULL = YES;
				CLANG_CXX_LANGUAGE_STANDARD = "gnu++0x";
				CLANG_CXX_LIBRARY = "libc++";
				CLANG_ENABLE_MODULES = YES;
				CLANG_ENABLE_OBJC_ARC = YES;
				CLANG_WARN_BOOL_CONVERSION = YES;
				CLANG_WARN_CONSTANT_CONVERSION = YES;
				CLANG_WARN_DIRECT_OBJC_ISA_USAGE = YES_ERROR;
				CLANG_WARN_EMPTY_BODY = YES;
				CLANG_WARN_ENUM_CONVERSION = YES;
				CLANG_WARN_INT_CONVERSION = YES;
				CLANG_WARN_OBJC_ROOT_CLASS = YES_ERROR;
				CLANG_WARN_UNREACHABLE_CODE = YES;
				CLANG_WARN__DUPLICATE_METHOD_MATCH = YES;
				CODE_SIGN_IDENTITY = "-";
				COPY_PHASE_STRIP = NO;
				DEBUG_INFORMATION_FORMAT = "dwarf-with-dsym";
				ENABLE_NS_ASSERTIONS = NO;
				ENABLE_STRICT_OBJC_MSGSEND = YES;
				GCC_C_LANGUAGE_STANDARD = gnu99;
				GCC_NO_COMMON_BLOCKS = YES;
				GCC_WARN_64_TO_32_BIT_CONVERSION = YES;
				GCC_WARN_ABOUT_RETURN_TYPE = YES_ERROR;
				GCC_WARN_UNDECLARED_SELECTOR = YES;
				GCC_WARN_UNINITIALIZED_AUTOS = YES_AGGRESSIVE;
				GCC_WARN_UNUSED_FUNCTION = YES;
				GCC_WARN_UNUSED_VARIABLE = YES;
				MACOSX_DEPLOYMENT_TARGET = 10.11;
				MTL_ENABLE_DEBUG_INFO = NO;
				SDKROOT = macosx;
			};
			name = Release;
		};
		0350FE2E1D5D0C1F0044814E /* Debug */ = {
			isa = XCBuildConfiguration;
			baseConfigurationReference = 251C07184ADCD3CC0CF568AC /* Pods-OriginStamp-Mac.debug.xcconfig */;
			buildSettings = {
				ASSETCATALOG_COMPILER_APPICON_NAME = AppIcon;
				CLANG_ENABLE_MODULES = YES;
				CODE_SIGN_ENTITLEMENTS = "OriginStamp-Mac/OriginStamp-Mac.entitlements";
				CODE_SIGN_IDENTITY = "Mac Developer";
				"CODE_SIGN_IDENTITY[sdk=macosx*]" = "Mac Developer";
				COMBINE_HIDPI_IMAGES = YES;
				INFOPLIST_FILE = "OriginStamp-Mac/Info.plist";
				LD_RUNPATH_SEARCH_PATHS = "$(inherited) @executable_path/../Frameworks";
				PRODUCT_BUNDLE_IDENTIFIER = "Lirum-Labs.OriginStamp-Mac";
				PRODUCT_NAME = "$(TARGET_NAME)";
				PROVISIONING_PROFILE = "";
				SWIFT_OBJC_BRIDGING_HEADER = "OriginStamp-Mac/OriginStamp-Mac-Bridging-Header.h";
				SWIFT_OPTIMIZATION_LEVEL = "-Onone";
			};
			name = Debug;
		};
		0350FE2F1D5D0C1F0044814E /* Release */ = {
			isa = XCBuildConfiguration;
			baseConfigurationReference = B5899223454F9A2287E39A9F /* Pods-OriginStamp-Mac.release.xcconfig */;
			buildSettings = {
				ASSETCATALOG_COMPILER_APPICON_NAME = AppIcon;
				CLANG_ENABLE_MODULES = YES;
				CODE_SIGN_ENTITLEMENTS = "OriginStamp-Mac/OriginStamp-Mac.entitlements";
				CODE_SIGN_IDENTITY = "Mac Developer";
				"CODE_SIGN_IDENTITY[sdk=macosx*]" = "Mac Developer";
				COMBINE_HIDPI_IMAGES = YES;
				INFOPLIST_FILE = "OriginStamp-Mac/Info.plist";
				LD_RUNPATH_SEARCH_PATHS = "$(inherited) @executable_path/../Frameworks";
				PRODUCT_BUNDLE_IDENTIFIER = "Lirum-Labs.OriginStamp-Mac";
				PRODUCT_NAME = "$(TARGET_NAME)";
				PROVISIONING_PROFILE = "";
				SWIFT_OBJC_BRIDGING_HEADER = "OriginStamp-Mac/OriginStamp-Mac-Bridging-Header.h";
			};
			name = Release;
		};
		0350FE311D5D0C1F0044814E /* Debug */ = {
			isa = XCBuildConfiguration;
			baseConfigurationReference = 46258B56B0A3B68F280A1204 /* Pods-OriginStamp-MacTests.debug.xcconfig */;
			buildSettings = {
				BUNDLE_LOADER = "$(TEST_HOST)";
				COMBINE_HIDPI_IMAGES = YES;
				INFOPLIST_FILE = "OriginStamp-MacTests/Info.plist";
				LD_RUNPATH_SEARCH_PATHS = "$(inherited) @executable_path/../Frameworks @loader_path/../Frameworks";
				PRODUCT_BUNDLE_IDENTIFIER = "Lirum-Labs.OriginStamp-MacTests";
				PRODUCT_NAME = "$(TARGET_NAME)";
				TEST_HOST = "$(BUILT_PRODUCTS_DIR)/OriginStamp-Mac.app/Contents/MacOS/OriginStamp-Mac";
			};
			name = Debug;
		};
		0350FE321D5D0C1F0044814E /* Release */ = {
			isa = XCBuildConfiguration;
			baseConfigurationReference = A05DBC0F9B47237062FADD99 /* Pods-OriginStamp-MacTests.release.xcconfig */;
			buildSettings = {
				BUNDLE_LOADER = "$(TEST_HOST)";
				COMBINE_HIDPI_IMAGES = YES;
				INFOPLIST_FILE = "OriginStamp-MacTests/Info.plist";
				LD_RUNPATH_SEARCH_PATHS = "$(inherited) @executable_path/../Frameworks @loader_path/../Frameworks";
				PRODUCT_BUNDLE_IDENTIFIER = "Lirum-Labs.OriginStamp-MacTests";
				PRODUCT_NAME = "$(TARGET_NAME)";
				TEST_HOST = "$(BUILT_PRODUCTS_DIR)/OriginStamp-Mac.app/Contents/MacOS/OriginStamp-Mac";
			};
			name = Release;
		};
		0350FE341D5D0C1F0044814E /* Debug */ = {
			isa = XCBuildConfiguration;
			baseConfigurationReference = D58DB5831DA62CBF700EC1B4 /* Pods-OriginStamp-MacUITests.debug.xcconfig */;
			buildSettings = {
				COMBINE_HIDPI_IMAGES = YES;
				INFOPLIST_FILE = "OriginStamp-MacUITests/Info.plist";
				LD_RUNPATH_SEARCH_PATHS = "$(inherited) @executable_path/../Frameworks @loader_path/../Frameworks";
				PRODUCT_BUNDLE_IDENTIFIER = "Lirum-Labs.OriginStamp-MacUITests";
				PRODUCT_NAME = "$(TARGET_NAME)";
				TEST_TARGET_NAME = "OriginStamp-Mac";
			};
			name = Debug;
		};
		0350FE351D5D0C1F0044814E /* Release */ = {
			isa = XCBuildConfiguration;
			baseConfigurationReference = 3FD464DA91BB5112160C763A /* Pods-OriginStamp-MacUITests.release.xcconfig */;
			buildSettings = {
				COMBINE_HIDPI_IMAGES = YES;
				INFOPLIST_FILE = "OriginStamp-MacUITests/Info.plist";
				LD_RUNPATH_SEARCH_PATHS = "$(inherited) @executable_path/../Frameworks @loader_path/../Frameworks";
				PRODUCT_BUNDLE_IDENTIFIER = "Lirum-Labs.OriginStamp-MacUITests";
				PRODUCT_NAME = "$(TARGET_NAME)";
				TEST_TARGET_NAME = "OriginStamp-Mac";
			};
			name = Release;
		};
/* End XCBuildConfiguration section */

/* Begin XCConfigurationList section */
		0350FE031D5D0C1E0044814E /* Build configuration list for PBXProject "OriginStamp-Mac" */ = {
			isa = XCConfigurationList;
			buildConfigurations = (
				0350FE2B1D5D0C1F0044814E /* Debug */,
				0350FE2C1D5D0C1F0044814E /* Release */,
			);
			defaultConfigurationIsVisible = 0;
			defaultConfigurationName = Release;
		};
		0350FE2D1D5D0C1F0044814E /* Build configuration list for PBXNativeTarget "OriginStamp-Mac" */ = {
			isa = XCConfigurationList;
			buildConfigurations = (
				0350FE2E1D5D0C1F0044814E /* Debug */,
				0350FE2F1D5D0C1F0044814E /* Release */,
			);
			defaultConfigurationIsVisible = 0;
			defaultConfigurationName = Release;
		};
		0350FE301D5D0C1F0044814E /* Build configuration list for PBXNativeTarget "OriginStamp-MacTests" */ = {
			isa = XCConfigurationList;
			buildConfigurations = (
				0350FE311D5D0C1F0044814E /* Debug */,
				0350FE321D5D0C1F0044814E /* Release */,
			);
			defaultConfigurationIsVisible = 0;
			defaultConfigurationName = Release;
		};
		0350FE331D5D0C1F0044814E /* Build configuration list for PBXNativeTarget "OriginStamp-MacUITests" */ = {
			isa = XCConfigurationList;
			buildConfigurations = (
				0350FE341D5D0C1F0044814E /* Debug */,
				0350FE351D5D0C1F0044814E /* Release */,
			);
			defaultConfigurationIsVisible = 0;
			defaultConfigurationName = Release;
		};
/* End XCConfigurationList section */
	};
	rootObject = 0350FE001D5D0C1E0044814E /* Project object */;
}
